// !$*UTF8*$!
{
	archiveVersion = 1;
	classes = {
	};
	objectVersion = 48;
	objects = {

/* Begin PBXBuildFile section */
		30CDBF2A201454C900D0C9C9 /* AppDelegate.swift in Sources */ = {isa = PBXBuildFile; fileRef = 30CDBF29201454C900D0C9C9 /* AppDelegate.swift */; };
		30CDBF2C201454C900D0C9C9 /* ViewController.swift in Sources */ = {isa = PBXBuildFile; fileRef = 30CDBF2B201454C900D0C9C9 /* ViewController.swift */; };
		30CDBF2F201454C900D0C9C9 /* Main.storyboard in Resources */ = {isa = PBXBuildFile; fileRef = 30CDBF2D201454C900D0C9C9 /* Main.storyboard */; };
		30CDBF32201454C900D0C9C9 /* Wallet6.xcdatamodeld in Sources */ = {isa = PBXBuildFile; fileRef = 30CDBF30201454C900D0C9C9 /* Wallet6.xcdatamodeld */; };
		30CDBF34201454C900D0C9C9 /* Assets.xcassets in Resources */ = {isa = PBXBuildFile; fileRef = 30CDBF33201454C900D0C9C9 /* Assets.xcassets */; };
		30CDBF37201454C900D0C9C9 /* LaunchScreen.storyboard in Resources */ = {isa = PBXBuildFile; fileRef = 30CDBF35201454C900D0C9C9 /* LaunchScreen.storyboard */; };
/* End PBXBuildFile section */

/* Begin PBXFileReference section */
		30CDBF26201454C900D0C9C9 /* Wallet6.app */ = {isa = PBXFileReference; explicitFileType = wrapper.application; includeInIndex = 0; path = Wallet6.app; sourceTree = BUILT_PRODUCTS_DIR; };
		30CDBF29201454C900D0C9C9 /* AppDelegate.swift */ = {isa = PBXFileReference; lastKnownFileType = sourcecode.swift; path = AppDelegate.swift; sourceTree = "<group>"; };
		30CDBF2B201454C900D0C9C9 /* ViewController.swift */ = {isa = PBXFileReference; lastKnownFileType = sourcecode.swift; path = ViewController.swift; sourceTree = "<group>"; };
		30CDBF2E201454C900D0C9C9 /* Base */ = {isa = PBXFileReference; lastKnownFileType = file.storyboard; name = Base; path = Base.lproj/Main.storyboard; sourceTree = "<group>"; };
		30CDBF31201454C900D0C9C9 /* Wallet6.xcdatamodel */ = {isa = PBXFileReference; lastKnownFileType = wrapper.xcdatamodel; path = Wallet6.xcdatamodel; sourceTree = "<group>"; };
		30CDBF33201454C900D0C9C9 /* Assets.xcassets */ = {isa = PBXFileReference; lastKnownFileType = folder.assetcatalog; path = Assets.xcassets; sourceTree = "<group>"; };
		30CDBF36201454C900D0C9C9 /* Base */ = {isa = PBXFileReference; lastKnownFileType = file.storyboard; name = Base; path = Base.lproj/LaunchScreen.storyboard; sourceTree = "<group>"; };
		30CDBF38201454C900D0C9C9 /* Info.plist */ = {isa = PBXFileReference; lastKnownFileType = text.plist.xml; path = Info.plist; sourceTree = "<group>"; };
/* End PBXFileReference section */

/* Begin PBXFrameworksBuildPhase section */
		30CDBF23201454C800D0C9C9 /* Frameworks */ = {
			isa = PBXFrameworksBuildPhase;
			buildActionMask = 2147483647;
			files = (
			);
			runOnlyForDeploymentPostprocessing = 0;
		};
/* End PBXFrameworksBuildPhase section */

/* Begin PBXGroup section */
		30CDBF1D201454C800D0C9C9 = {
			isa = PBXGroup;
			children = (
				30CDBF28201454C900D0C9C9 /* Wallet6 */,
				30CDBF27201454C900D0C9C9 /* Products */,
			);
			sourceTree = "<group>";
		};
		30CDBF27201454C900D0C9C9 /* Products */ = {
			isa = PBXGroup;
			children = (
				30CDBF26201454C900D0C9C9 /* Wallet6.app */,
			);
			name = Products;
			sourceTree = "<group>";
		};
		30CDBF28201454C900D0C9C9 /* Wallet6 */ = {
			isa = PBXGroup;
			children = (
				30CDBF29201454C900D0C9C9 /* AppDelegate.swift */,
				30CDBF2B201454C900D0C9C9 /* ViewController.swift */,
				30CDBF2D201454C900D0C9C9 /* Main.storyboard */,
				30CDBF33201454C900D0C9C9 /* Assets.xcassets */,
				30CDBF35201454C900D0C9C9 /* LaunchScreen.storyboard */,
				30CDBF38201454C900D0C9C9 /* Info.plist */,
				30CDBF30201454C900D0C9C9 /* Wallet6.xcdatamodeld */,
			);
			path = Wallet6;
			sourceTree = "<group>";
		};
/* End PBXGroup section */

/* Begin PBXNativeTarget section */
		30CDBF25201454C800D0C9C9 /* Wallet6 */ = {
			isa = PBXNativeTarget;
			buildConfigurationList = 30CDBF3B201454C900D0C9C9 /* Build configuration list for PBXNativeTarget "Wallet6" */;
			buildPhases = (
				30CDBF22201454C800D0C9C9 /* Sources */,
				30CDBF23201454C800D0C9C9 /* Frameworks */,
				30CDBF24201454C800D0C9C9 /* Resources */,
			);
			buildRules = (
			);
			dependencies = (
			);
			name = Wallet6;
			productName = Wallet6;
			productReference = 30CDBF26201454C900D0C9C9 /* Wallet6.app */;
			productType = "com.apple.product-type.application";
		};
/* End PBXNativeTarget section */

/* Begin PBXProject section */
		30CDBF1E201454C800D0C9C9 /* Project object */ = {
			isa = PBXProject;
			attributes = {
				LastSwiftUpdateCheck = 0920;
				LastUpgradeCheck = 0920;
				ORGANIZATIONNAME = "Danny Peng";
				TargetAttributes = {
					30CDBF25201454C800D0C9C9 = {
						CreatedOnToolsVersion = 9.2;
						ProvisioningStyle = Automatic;
					};
				};
			};
			buildConfigurationList = 30CDBF21201454C800D0C9C9 /* Build configuration list for PBXProject "Wallet6" */;
			compatibilityVersion = "Xcode 8.0";
			developmentRegion = en;
			hasScannedForEncodings = 0;
			knownRegions = (
				en,
				Base,
			);
			mainGroup = 30CDBF1D201454C800D0C9C9;
			productRefGroup = 30CDBF27201454C900D0C9C9 /* Products */;
			projectDirPath = "";
			projectRoot = "";
			targets = (
				30CDBF25201454C800D0C9C9 /* Wallet6 */,
			);
		};
/* End PBXProject section */

/* Begin PBXResourcesBuildPhase section */
		30CDBF24201454C800D0C9C9 /* Resources */ = {
			isa = PBXResourcesBuildPhase;
			buildActionMask = 2147483647;
			files = (
				30CDBF37201454C900D0C9C9 /* LaunchScreen.storyboard in Resources */,
				30CDBF34201454C900D0C9C9 /* Assets.xcassets in Resources */,
				30CDBF2F201454C900D0C9C9 /* Main.storyboard in Resources */,
			);
			runOnlyForDeploymentPostprocessing = 0;
		};
/* End PBXResourcesBuildPhase section */

/* Begin PBXSourcesBuildPhase section */
		30CDBF22201454C800D0C9C9 /* Sources */ = {
			isa = PBXSourcesBuildPhase;
			buildActionMask = 2147483647;
			files = (
				30CDBF2C201454C900D0C9C9 /* ViewController.swift in Sources */,
				30CDBF2A201454C900D0C9C9 /* AppDelegate.swift in Sources */,
				30CDBF32201454C900D0C9C9 /* Wallet6.xcdatamodeld in Sources */,
			);
			runOnlyForDeploymentPostprocessing = 0;
		};
/* End PBXSourcesBuildPhase section */

/* Begin PBXVariantGroup section */
		30CDBF2D201454C900D0C9C9 /* Main.storyboard */ = {
			isa = PBXVariantGroup;
			children = (
				30CDBF2E201454C900D0C9C9 /* Base */,
			);
			name = Main.storyboard;
			sourceTree = "<group>";
		};
		30CDBF35201454C900D0C9C9 /* LaunchScreen.storyboard */ = {
			isa = PBXVariantGroup;
			children = (
				30CDBF36201454C900D0C9C9 /* Base */,
			);
			name = LaunchScreen.storyboard;
			sourceTree = "<group>";
		};
/* End PBXVariantGroup section */

/* Begin XCBuildConfiguration section */
		30CDBF39201454C900D0C9C9 /* Debug */ = {
			isa = XCBuildConfiguration;
			buildSettings = {
				ALWAYS_SEARCH_USER_PATHS = NO;
				CLANG_ANALYZER_NONNULL = YES;
				CLANG_ANALYZER_NUMBER_OBJECT_CONVERSION = YES_AGGRESSIVE;
				CLANG_CXX_LANGUAGE_STANDARD = "gnu++14";
				CLANG_CXX_LIBRARY = "libc++";
				CLANG_ENABLE_MODULES = YES;
				CLANG_ENABLE_OBJC_ARC = YES;
				CLANG_WARN_BLOCK_CAPTURE_AUTORELEASING = YES;
				CLANG_WARN_BOOL_CONVERSION = YES;
				CLANG_WARN_COMMA = YES;
				CLANG_WARN_CONSTANT_CONVERSION = YES;
				CLANG_WARN_DIRECT_OBJC_ISA_USAGE = YES_ERROR;
				CLANG_WARN_DOCUMENTATION_COMMENTS = YES;
				CLANG_WARN_EMPTY_BODY = YES;
				CLANG_WARN_ENUM_CONVERSION = YES;
				CLANG_WARN_INFINITE_RECURSION = YES;
				CLANG_WARN_INT_CONVERSION = YES;
				CLANG_WARN_NON_LITERAL_NULL_CONVERSION = YES;
				CLANG_WARN_OBJC_LITERAL_CONVERSION = YES;
				CLANG_WARN_OBJC_ROOT_CLASS = YES_ERROR;
				CLANG_WARN_RANGE_LOOP_ANALYSIS = YES;
				CLANG_WARN_STRICT_PROTOTYPES = YES;
				CLANG_WARN_SUSPICIOUS_MOVE = YES;
				CLANG_WARN_UNGUARDED_AVAILABILITY = YES_AGGRESSIVE;
				CLANG_WARN_UNREACHABLE_CODE = YES;
				CLANG_WARN__DUPLICATE_METHOD_MATCH = YES;
				CODE_SIGN_IDENTITY = "iPhone Developer";
				COPY_PHASE_STRIP = NO;
				DEBUG_INFORMATION_FORMAT = dwarf;
				ENABLE_STRICT_OBJC_MSGSEND = YES;
				ENABLE_TESTABILITY = YES;
				GCC_C_LANGUAGE_STANDARD = gnu11;
				GCC_DYNAMIC_NO_PIC = NO;
				GCC_NO_COMMON_BLOCKS = YES;
				GCC_OPTIMIZATION_LEVEL = 0;
				GCC_PREPROCESSOR_DEFINITIONS = (
					"DEBUG=1",
					"$(inherited)",
				);
				GCC_WARN_64_TO_32_BIT_CONVERSION = YES;
				GCC_WARN_ABOUT_RETURN_TYPE = YES_ERROR;
				GCC_WARN_UNDECLARED_SELECTOR = YES;
				GCC_WARN_UNINITIALIZED_AUTOS = YES_AGGRESSIVE;
				GCC_WARN_UNUSED_FUNCTION = YES;
				GCC_WARN_UNUSED_VARIABLE = YES;
				IPHONEOS_DEPLOYMENT_TARGET = 11.2;
				MTL_ENABLE_DEBUG_INFO = YES;
				ONLY_ACTIVE_ARCH = YES;
				SDKROOT = iphoneos;
				SWIFT_ACTIVE_COMPILATION_CONDITIONS = DEBUG;
				SWIFT_OPTIMIZATION_LEVEL = "-Onone";
			};
			name = Debug;
		};
		30CDBF3A201454C900D0C9C9 /* Release */ = {
			isa = XCBuildConfiguration;
			buildSettings = {
				ALWAYS_SEARCH_USER_PATHS = NO;
				CLANG_ANALYZER_NONNULL = YES;
				CLANG_ANALYZER_NUMBER_OBJECT_CONVERSION = YES_AGGRESSIVE;
				CLANG_CXX_LANGUAGE_STANDARD = "gnu++14";
				CLANG_CXX_LIBRARY = "libc++";
				CLANG_ENABLE_MODULES = YES;
				CLANG_ENABLE_OBJC_ARC = YES;
				CLANG_WARN_BLOCK_CAPTURE_AUTORELEASING = YES;
				CLANG_WARN_BOOL_CONVERSION = YES;
				CLANG_WARN_COMMA = YES;
				CLANG_WARN_CONSTANT_CONVERSION = YES;
				CLANG_WARN_DIRECT_OBJC_ISA_USAGE = YES_ERROR;
				CLANG_WARN_DOCUMENTATION_COMMENTS = YES;
				CLANG_WARN_EMPTY_BODY = YES;
				CLANG_WARN_ENUM_CONVERSION = YES;
				CLANG_WARN_INFINITE_RECURSION = YES;
				CLANG_WARN_INT_CONVERSION = YES;
				CLANG_WARN_NON_LITERAL_NULL_CONVERSION = YES;
				CLANG_WARN_OBJC_LITERAL_CONVERSION = YES;
				CLANG_WARN_OBJC_ROOT_CLASS = YES_ERROR;
				CLANG_WARN_RANGE_LOOP_ANALYSIS = YES;
				CLANG_WARN_STRICT_PROTOTYPES = YES;
				CLANG_WARN_SUSPICIOUS_MOVE = YES;
				CLANG_WARN_UNGUARDED_AVAILABILITY = YES_AGGRESSIVE;
				CLANG_WARN_UNREACHABLE_CODE = YES;
				CLANG_WARN__DUPLICATE_METHOD_MATCH = YES;
				CODE_SIGN_IDENTITY = "iPhone Developer";
				COPY_PHASE_STRIP = NO;
				DEBUG_INFORMATION_FORMAT = "dwarf-with-dsym";
				ENABLE_NS_ASSERTIONS = NO;
				ENABLE_STRICT_OBJC_MSGSEND = YES;
				GCC_C_LANGUAGE_STANDARD = gnu11;
				GCC_NO_COMMON_BLOCKS = YES;
				GCC_WARN_64_TO_32_BIT_CONVERSION = YES;
				GCC_WARN_ABOUT_RETURN_TYPE = YES_ERROR;
				GCC_WARN_UNDECLARED_SELECTOR = YES;
				GCC_WARN_UNINITIALIZED_AUTOS = YES_AGGRESSIVE;
				GCC_WARN_UNUSED_FUNCTION = YES;
				GCC_WARN_UNUSED_VARIABLE = YES;
				IPHONEOS_DEPLOYMENT_TARGET = 11.2;
				MTL_ENABLE_DEBUG_INFO = NO;
				SDKROOT = iphoneos;
				SWIFT_OPTIMIZATION_LEVEL = "-Owholemodule";
				VALIDATE_PRODUCT = YES;
			};
			name = Release;
		};
		30CDBF3C201454C900D0C9C9 /* Debug */ = {
			isa = XCBuildConfiguration;
			buildSettings = {
				ASSETCATALOG_COMPILER_APPICON_NAME = AppIcon;
				CODE_SIGN_STYLE = Automatic;
				DEVELOPMENT_TEAM = 8297PCJG83;
				INFOPLIST_FILE = Wallet6/Info.plist;
				LD_RUNPATH_SEARCH_PATHS = "$(inherited) @executable_path/Frameworks";
				PRODUCT_BUNDLE_IDENTIFIER = DannyPeng.Wallet6;
				PRODUCT_NAME = "$(TARGET_NAME)";
				SWIFT_VERSION = 4.0;
				TARGETED_DEVICE_FAMILY = "1,2";
			};
			name = Debug;
		};
		30CDBF3D201454C900D0C9C9 /* Release */ = {
			isa = XCBuildConfiguration;
			buildSettings = {
				ASSETCATALOG_COMPILER_APPICON_NAME = AppIcon;
				CODE_SIGN_STYLE = Automatic;
				DEVELOPMENT_TEAM = 8297PCJG83;
				INFOPLIST_FILE = Wallet6/Info.plist;
				LD_RUNPATH_SEARCH_PATHS = "$(inherited) @executable_path/Frameworks";
				PRODUCT_BUNDLE_IDENTIFIER = DannyPeng.Wallet6;
				PRODUCT_NAME = "$(TARGET_NAME)";
				SWIFT_VERSION = 4.0;
				TARGETED_DEVICE_FAMILY = "1,2";
			};
			name = Release;
		};
/* End XCBuildConfiguration section */

/* Begin XCConfigurationList section */
		30CDBF21201454C800D0C9C9 /* Build configuration list for PBXProject "Wallet6" */ = {
			isa = XCConfigurationList;
			buildConfigurations = (
				30CDBF39201454C900D0C9C9 /* Debug */,
				30CDBF3A201454C900D0C9C9 /* Release */,
			);
			defaultConfigurationIsVisible = 0;
			defaultConfigurationName = Release;
		};
		30CDBF3B201454C900D0C9C9 /* Build configuration list for PBXNativeTarget "Wallet6" */ = {
			isa = XCConfigurationList;
			buildConfigurations = (
				30CDBF3C201454C900D0C9C9 /* Debug */,
				30CDBF3D201454C900D0C9C9 /* Release */,
			);
			defaultConfigurationIsVisible = 0;
			defaultConfigurationName = Release;
		};
/* End XCConfigurationList section */

/* Begin XCVersionGroup section */
		30CDBF30201454C900D0C9C9 /* Wallet6.xcdatamodeld */ = {
			isa = XCVersionGroup;
			children = (
				30CDBF31201454C900D0C9C9 /* Wallet6.xcdatamodel */,
			);
			currentVersion = 30CDBF31201454C900D0C9C9 /* Wallet6.xcdatamodel */;
			path = Wallet6.xcdatamodeld;
			sourceTree = "<group>";
			versionGroupType = wrapper.xcdatamodel;
		};
/* End XCVersionGroup section */
	};
	rootObject = 30CDBF1E201454C800D0C9C9 /* Project object */;
}
